// !$*UTF8*$!
{
	archiveVersion = 1;
	classes = {
	};
	objectVersion = 50;
	objects = {

/* Begin PBXBuildFile section */
		800E3D48220B11100025473E /* PhoneVC.swift in Sources */ = {isa = PBXBuildFile; fileRef = 800E3D47220B11100025473E /* PhoneVC.swift */; };
		800E3D4A220B4FAD0025473E /* OTPVerfication.swift in Sources */ = {isa = PBXBuildFile; fileRef = 800E3D49220B4FAD0025473E /* OTPVerfication.swift */; };
		8029DA13218C5019000BEE07 /* CartVC.swift in Sources */ = {isa = PBXBuildFile; fileRef = 8029DA12218C5019000BEE07 /* CartVC.swift */; };
		8033A5EC21DD3BAF00E66650 /* WorkshopModel.swift in Sources */ = {isa = PBXBuildFile; fileRef = 8033A5EB21DD3BAF00E66650 /* WorkshopModel.swift */; };
		803F7CA121E499A7006DD4F4 /* CheckOutVC.swift in Sources */ = {isa = PBXBuildFile; fileRef = 803F7CA021E499A7006DD4F4 /* CheckOutVC.swift */; };
		803F7CD121EA6B53006DD4F4 /* MyVehicle.swift in Sources */ = {isa = PBXBuildFile; fileRef = 803F7CD021EA6B53006DD4F4 /* MyVehicle.swift */; };
		803F7CD321EA97F8006DD4F4 /* MyAddress.swift in Sources */ = {isa = PBXBuildFile; fileRef = 803F7CD221EA97F8006DD4F4 /* MyAddress.swift */; };
		804E768421613923005B5133 /* GoogleService-Info.plist in Resources */ = {isa = PBXBuildFile; fileRef = 804E768321613922005B5133 /* GoogleService-Info.plist */; };
		804E768621613A8C005B5133 /* HomeOfferLayout.swift in Sources */ = {isa = PBXBuildFile; fileRef = 804E768521613A8C005B5133 /* HomeOfferLayout.swift */; };
		804E7688216173CA005B5133 /* NearMeVC.swift in Sources */ = {isa = PBXBuildFile; fileRef = 804E7687216173CA005B5133 /* NearMeVC.swift */; };
		804E768A216173F3005B5133 /* WorkShopsVC.swift in Sources */ = {isa = PBXBuildFile; fileRef = 804E7689216173F3005B5133 /* WorkShopsVC.swift */; };
		804E768E2161850D005B5133 /* MapKit.framework in Frameworks */ = {isa = PBXBuildFile; fileRef = 804E768D2161850D005B5133 /* MapKit.framework */; };
		804E76B0216249F2005B5133 /* ServiceAnnotationView.swift in Sources */ = {isa = PBXBuildFile; fileRef = 804E76AF216249F2005B5133 /* ServiceAnnotationView.swift */; };
		804E76B22162E3AF005B5133 /* AccountVC.swift in Sources */ = {isa = PBXBuildFile; fileRef = 804E76B12162E3AF005B5133 /* AccountVC.swift */; };
		804E76D821637E28005B5133 /* AccountCellVC.swift in Sources */ = {isa = PBXBuildFile; fileRef = 804E76D721637E28005B5133 /* AccountCellVC.swift */; };
		804E76DA2164FF58005B5133 /* WorkShopCell.swift in Sources */ = {isa = PBXBuildFile; fileRef = 804E76D92164FF58005B5133 /* WorkShopCell.swift */; };
		804E76DC21655561005B5133 /* WorkshopsLayout.swift in Sources */ = {isa = PBXBuildFile; fileRef = 804E76DB21655561005B5133 /* WorkshopsLayout.swift */; };
		806187F52208A95500646962 /* EmailSignInVC.swift in Sources */ = {isa = PBXBuildFile; fileRef = 806187F42208A95500646962 /* EmailSignInVC.swift */; };
		806187F72208A97500646962 /* EmailSignUpVC.swift in Sources */ = {isa = PBXBuildFile; fileRef = 806187F62208A97500646962 /* EmailSignUpVC.swift */; };
		806187F92208C0EF00646962 /* TabVC.swift in Sources */ = {isa = PBXBuildFile; fileRef = 806187F82208C0EE00646962 /* TabVC.swift */; };
		80749857218E38FC00A03099 /* LoginVC.swift in Sources */ = {isa = PBXBuildFile; fileRef = 80749856218E38FC00A03099 /* LoginVC.swift */; };
		807F68B721542DF600321617 /* CustomImageFlowLayout.swift in Sources */ = {isa = PBXBuildFile; fileRef = 807F68B621542DF600321617 /* CustomImageFlowLayout.swift */; };
		8094A94F218DAEF40020CFDE /* SelectVehicleCell.swift in Sources */ = {isa = PBXBuildFile; fileRef = 8094A94E218DAEF40020CFDE /* SelectVehicleCell.swift */; };
		8094A951218DAF240020CFDE /* SelectVehicleVC.swift in Sources */ = {isa = PBXBuildFile; fileRef = 8094A950218DAF240020CFDE /* SelectVehicleVC.swift */; };
		8094A953218DBB080020CFDE /* SelectVehicleModel.swift in Sources */ = {isa = PBXBuildFile; fileRef = 8094A952218DBB080020CFDE /* SelectVehicleModel.swift */; };
		80C894402185D32000BF6C36 /* HomeWorkshopsVC.swift in Sources */ = {isa = PBXBuildFile; fileRef = 80C8943F2185D32000BF6C36 /* HomeWorkshopsVC.swift */; };
		80C894422185DC9800BF6C36 /* HomeWorkshpCell.swift in Sources */ = {isa = PBXBuildFile; fileRef = 80C894412185DC9800BF6C36 /* HomeWorkshpCell.swift */; };
		80CE1030218CAADD00683FF8 /* CartCell.swift in Sources */ = {isa = PBXBuildFile; fileRef = 80CE102F218CAADD00683FF8 /* CartCell.swift */; };
		80CE1058218D4CB300683FF8 /* CartData.swift in Sources */ = {isa = PBXBuildFile; fileRef = 80CE1057218D4CB300683FF8 /* CartData.swift */; };
		80CE2FEE214D9BD6009B3F45 /* AppDelegate.swift in Sources */ = {isa = PBXBuildFile; fileRef = 80CE2FED214D9BD6009B3F45 /* AppDelegate.swift */; };
		80CE2FF0214D9BD6009B3F45 /* HomeVC.swift in Sources */ = {isa = PBXBuildFile; fileRef = 80CE2FEF214D9BD6009B3F45 /* HomeVC.swift */; };
		80CE2FF5214D9BD6009B3F45 /* Main.storyboard in Resources */ = {isa = PBXBuildFile; fileRef = 80CE2FF3214D9BD6009B3F45 /* Main.storyboard */; };
		80CE2FF7214D9BDA009B3F45 /* Assets.xcassets in Resources */ = {isa = PBXBuildFile; fileRef = 80CE2FF6214D9BDA009B3F45 /* Assets.xcassets */; };
		80CE2FFA214D9BDA009B3F45 /* LaunchScreen.storyboard in Resources */ = {isa = PBXBuildFile; fileRef = 80CE2FF8214D9BDA009B3F45 /* LaunchScreen.storyboard */; };
		80CE3005214DA658009B3F45 /* HomeView.swift in Sources */ = {isa = PBXBuildFile; fileRef = 80CE3004214DA658009B3F45 /* HomeView.swift */; };
		80CE3007214DB500009B3F45 /* HomeCell.swift in Sources */ = {isa = PBXBuildFile; fileRef = 80CE3006214DB500009B3F45 /* HomeCell.swift */; };
		80D24E6A21E3D119008B8293 /* UserServiceDetailVC.swift in Sources */ = {isa = PBXBuildFile; fileRef = 80D24E6921E3D119008B8293 /* UserServiceDetailVC.swift */; };
		80FF15F3216954D9004F14C0 /* WorkshopDetailVC.swift in Sources */ = {isa = PBXBuildFile; fileRef = 80FF15F2216954D9004F14C0 /* WorkshopDetailVC.swift */; };
		80FF1651216A740C004F14C0 /* WorkshopDetailCell.swift in Sources */ = {isa = PBXBuildFile; fileRef = 80FF1650216A740C004F14C0 /* WorkshopDetailCell.swift */; };
		80FF1653216D078C004F14C0 /* HomeServiceCell.swift in Sources */ = {isa = PBXBuildFile; fileRef = 80FF1652216D078C004F14C0 /* HomeServiceCell.swift */; };
		80FF1655216D0D8A004F14C0 /* HomeServiceLayout.swift in Sources */ = {isa = PBXBuildFile; fileRef = 80FF1654216D0D8A004F14C0 /* HomeServiceLayout.swift */; };
		80FF1657216D3D56004F14C0 /* HomeBodyPaintingCell.swift in Sources */ = {isa = PBXBuildFile; fileRef = 80FF1656216D3D56004F14C0 /* HomeBodyPaintingCell.swift */; };
		E81286FAF13FA1BEE29A2657 /* Pods_AutoSquadron.framework in Frameworks */ = {isa = PBXBuildFile; fileRef = DFB84DECC37AF8188159C7E6 /* Pods_AutoSquadron.framework */; };
/* End PBXBuildFile section */

/* Begin PBXFileReference section */
		6BE15979805EC6397FF1F898 /* Pods-AutoSquadron.debug.xcconfig */ = {isa = PBXFileReference; includeInIndex = 1; lastKnownFileType = text.xcconfig; name = "Pods-AutoSquadron.debug.xcconfig"; path = "Pods/Target Support Files/Pods-AutoSquadron/Pods-AutoSquadron.debug.xcconfig"; sourceTree = "<group>"; };
		7D01ADF625B5DB22E5C727D3 /* Pods-AutoSquadron.release.xcconfig */ = {isa = PBXFileReference; includeInIndex = 1; lastKnownFileType = text.xcconfig; name = "Pods-AutoSquadron.release.xcconfig"; path = "Pods/Target Support Files/Pods-AutoSquadron/Pods-AutoSquadron.release.xcconfig"; sourceTree = "<group>"; };
		800E3D47220B11100025473E /* PhoneVC.swift */ = {isa = PBXFileReference; lastKnownFileType = sourcecode.swift; path = PhoneVC.swift; sourceTree = "<group>"; };
		800E3D49220B4FAD0025473E /* OTPVerfication.swift */ = {isa = PBXFileReference; lastKnownFileType = sourcecode.swift; path = OTPVerfication.swift; sourceTree = "<group>"; };
		8029DA12218C5019000BEE07 /* CartVC.swift */ = {isa = PBXFileReference; lastKnownFileType = sourcecode.swift; path = CartVC.swift; sourceTree = "<group>"; };
		8033A5EB21DD3BAF00E66650 /* WorkshopModel.swift */ = {isa = PBXFileReference; lastKnownFileType = sourcecode.swift; path = WorkshopModel.swift; sourceTree = "<group>"; };
		803F7CA021E499A7006DD4F4 /* CheckOutVC.swift */ = {isa = PBXFileReference; lastKnownFileType = sourcecode.swift; path = CheckOutVC.swift; sourceTree = "<group>"; };
		803F7CD021EA6B53006DD4F4 /* MyVehicle.swift */ = {isa = PBXFileReference; lastKnownFileType = sourcecode.swift; path = MyVehicle.swift; sourceTree = "<group>"; };
		803F7CD221EA97F8006DD4F4 /* MyAddress.swift */ = {isa = PBXFileReference; lastKnownFileType = sourcecode.swift; path = MyAddress.swift; sourceTree = "<group>"; };
		804E768321613922005B5133 /* GoogleService-Info.plist */ = {isa = PBXFileReference; fileEncoding = 4; lastKnownFileType = text.plist.xml; path = "GoogleService-Info.plist"; sourceTree = "<group>"; };
		804E768521613A8C005B5133 /* HomeOfferLayout.swift */ = {isa = PBXFileReference; lastKnownFileType = sourcecode.swift; path = HomeOfferLayout.swift; sourceTree = "<group>"; };
		804E7687216173CA005B5133 /* NearMeVC.swift */ = {isa = PBXFileReference; lastKnownFileType = sourcecode.swift; path = NearMeVC.swift; sourceTree = "<group>"; };
		804E7689216173F3005B5133 /* WorkShopsVC.swift */ = {isa = PBXFileReference; lastKnownFileType = sourcecode.swift; path = WorkShopsVC.swift; sourceTree = "<group>"; };
		804E768D2161850D005B5133 /* MapKit.framework */ = {isa = PBXFileReference; lastKnownFileType = wrapper.framework; name = MapKit.framework; path = System/Library/Frameworks/MapKit.framework; sourceTree = SDKROOT; };
		804E76AF216249F2005B5133 /* ServiceAnnotationView.swift */ = {isa = PBXFileReference; lastKnownFileType = sourcecode.swift; path = ServiceAnnotationView.swift; sourceTree = "<group>"; };
		804E76B12162E3AF005B5133 /* AccountVC.swift */ = {isa = PBXFileReference; lastKnownFileType = sourcecode.swift; path = AccountVC.swift; sourceTree = "<group>"; };
		804E76D721637E28005B5133 /* AccountCellVC.swift */ = {isa = PBXFileReference; lastKnownFileType = sourcecode.swift; path = AccountCellVC.swift; sourceTree = "<group>"; };
		804E76D92164FF58005B5133 /* WorkShopCell.swift */ = {isa = PBXFileReference; lastKnownFileType = sourcecode.swift; path = WorkShopCell.swift; sourceTree = "<group>"; };
		804E76DB21655561005B5133 /* WorkshopsLayout.swift */ = {isa = PBXFileReference; lastKnownFileType = sourcecode.swift; path = WorkshopsLayout.swift; sourceTree = "<group>"; };
		806187F42208A95500646962 /* EmailSignInVC.swift */ = {isa = PBXFileReference; lastKnownFileType = sourcecode.swift; path = EmailSignInVC.swift; sourceTree = "<group>"; };
		806187F62208A97500646962 /* EmailSignUpVC.swift */ = {isa = PBXFileReference; lastKnownFileType = sourcecode.swift; path = EmailSignUpVC.swift; sourceTree = "<group>"; };
		806187F82208C0EE00646962 /* TabVC.swift */ = {isa = PBXFileReference; lastKnownFileType = sourcecode.swift; path = TabVC.swift; sourceTree = "<group>"; };
		80749856218E38FC00A03099 /* LoginVC.swift */ = {isa = PBXFileReference; lastKnownFileType = sourcecode.swift; path = LoginVC.swift; sourceTree = "<group>"; };
		807F68B621542DF600321617 /* CustomImageFlowLayout.swift */ = {isa = PBXFileReference; lastKnownFileType = sourcecode.swift; path = CustomImageFlowLayout.swift; sourceTree = "<group>"; };
		8094A94E218DAEF40020CFDE /* SelectVehicleCell.swift */ = {isa = PBXFileReference; lastKnownFileType = sourcecode.swift; path = SelectVehicleCell.swift; sourceTree = "<group>"; };
		8094A950218DAF240020CFDE /* SelectVehicleVC.swift */ = {isa = PBXFileReference; lastKnownFileType = sourcecode.swift; path = SelectVehicleVC.swift; sourceTree = "<group>"; };
		8094A952218DBB080020CFDE /* SelectVehicleModel.swift */ = {isa = PBXFileReference; lastKnownFileType = sourcecode.swift; path = SelectVehicleModel.swift; sourceTree = "<group>"; };
		80C8943F2185D32000BF6C36 /* HomeWorkshopsVC.swift */ = {isa = PBXFileReference; lastKnownFileType = sourcecode.swift; path = HomeWorkshopsVC.swift; sourceTree = "<group>"; };
		80C894412185DC9800BF6C36 /* HomeWorkshpCell.swift */ = {isa = PBXFileReference; lastKnownFileType = sourcecode.swift; path = HomeWorkshpCell.swift; sourceTree = "<group>"; };
		80CE102F218CAADD00683FF8 /* CartCell.swift */ = {isa = PBXFileReference; lastKnownFileType = sourcecode.swift; path = CartCell.swift; sourceTree = "<group>"; };
		80CE1057218D4CB300683FF8 /* CartData.swift */ = {isa = PBXFileReference; lastKnownFileType = sourcecode.swift; path = CartData.swift; sourceTree = "<group>"; };
		80CE2FEA214D9BD5009B3F45 /* AutoSquadron.app */ = {isa = PBXFileReference; explicitFileType = wrapper.application; includeInIndex = 0; path = AutoSquadron.app; sourceTree = BUILT_PRODUCTS_DIR; };
		80CE2FED214D9BD6009B3F45 /* AppDelegate.swift */ = {isa = PBXFileReference; lastKnownFileType = sourcecode.swift; path = AppDelegate.swift; sourceTree = "<group>"; };
		80CE2FEF214D9BD6009B3F45 /* HomeVC.swift */ = {isa = PBXFileReference; lastKnownFileType = sourcecode.swift; path = HomeVC.swift; sourceTree = "<group>"; };
		80CE2FF4214D9BD6009B3F45 /* Base */ = {isa = PBXFileReference; lastKnownFileType = file.storyboard; name = Base; path = Base.lproj/Main.storyboard; sourceTree = "<group>"; };
		80CE2FF6214D9BDA009B3F45 /* Assets.xcassets */ = {isa = PBXFileReference; lastKnownFileType = folder.assetcatalog; path = Assets.xcassets; sourceTree = "<group>"; };
		80CE2FF9214D9BDA009B3F45 /* Base */ = {isa = PBXFileReference; lastKnownFileType = file.storyboard; name = Base; path = Base.lproj/LaunchScreen.storyboard; sourceTree = "<group>"; };
		80CE2FFB214D9BDA009B3F45 /* Info.plist */ = {isa = PBXFileReference; lastKnownFileType = text.plist.xml; path = Info.plist; sourceTree = "<group>"; };
		80CE3004214DA658009B3F45 /* HomeView.swift */ = {isa = PBXFileReference; lastKnownFileType = sourcecode.swift; path = HomeView.swift; sourceTree = "<group>"; };
		80CE3006214DB500009B3F45 /* HomeCell.swift */ = {isa = PBXFileReference; lastKnownFileType = sourcecode.swift; path = HomeCell.swift; sourceTree = "<group>"; };
		80D24E6921E3D119008B8293 /* UserServiceDetailVC.swift */ = {isa = PBXFileReference; lastKnownFileType = sourcecode.swift; path = UserServiceDetailVC.swift; sourceTree = "<group>"; };
		80FF15F2216954D9004F14C0 /* WorkshopDetailVC.swift */ = {isa = PBXFileReference; lastKnownFileType = sourcecode.swift; path = WorkshopDetailVC.swift; sourceTree = "<group>"; };
		80FF1650216A740C004F14C0 /* WorkshopDetailCell.swift */ = {isa = PBXFileReference; lastKnownFileType = sourcecode.swift; path = WorkshopDetailCell.swift; sourceTree = "<group>"; };
		80FF1652216D078C004F14C0 /* HomeServiceCell.swift */ = {isa = PBXFileReference; lastKnownFileType = sourcecode.swift; path = HomeServiceCell.swift; sourceTree = "<group>"; };
		80FF1654216D0D8A004F14C0 /* HomeServiceLayout.swift */ = {isa = PBXFileReference; lastKnownFileType = sourcecode.swift; path = HomeServiceLayout.swift; sourceTree = "<group>"; };
		80FF1656216D3D56004F14C0 /* HomeBodyPaintingCell.swift */ = {isa = PBXFileReference; lastKnownFileType = sourcecode.swift; path = HomeBodyPaintingCell.swift; sourceTree = "<group>"; };
		DFB84DECC37AF8188159C7E6 /* Pods_AutoSquadron.framework */ = {isa = PBXFileReference; explicitFileType = wrapper.framework; includeInIndex = 0; path = Pods_AutoSquadron.framework; sourceTree = BUILT_PRODUCTS_DIR; };
/* End PBXFileReference section */

/* Begin PBXFrameworksBuildPhase section */
		80CE2FE7214D9BD5009B3F45 /* Frameworks */ = {
			isa = PBXFrameworksBuildPhase;
			buildActionMask = 2147483647;
			files = (
				804E768E2161850D005B5133 /* MapKit.framework in Frameworks */,
				E81286FAF13FA1BEE29A2657 /* Pods_AutoSquadron.framework in Frameworks */,
			);
			runOnlyForDeploymentPostprocessing = 0;
		};
/* End PBXFrameworksBuildPhase section */

/* Begin PBXGroup section */
		801DD9E847B5A4334E8D84D0 /* Frameworks */ = {
			isa = PBXGroup;
			children = (
				804E768D2161850D005B5133 /* MapKit.framework */,
				DFB84DECC37AF8188159C7E6 /* Pods_AutoSquadron.framework */,
			);
			name = Frameworks;
			sourceTree = "<group>";
		};
		80CE2FE1214D9BD5009B3F45 = {
			isa = PBXGroup;
			children = (
				80CE2FEC214D9BD5009B3F45 /* AutoSquadron */,
				80CE2FEB214D9BD5009B3F45 /* Products */,
				BC173DE29E629DDB83066D90 /* Pods */,
				801DD9E847B5A4334E8D84D0 /* Frameworks */,
			);
			sourceTree = "<group>";
		};
		80CE2FEB214D9BD5009B3F45 /* Products */ = {
			isa = PBXGroup;
			children = (
				80CE2FEA214D9BD5009B3F45 /* AutoSquadron.app */,
			);
			name = Products;
			sourceTree = "<group>";
		};
		80CE2FEC214D9BD5009B3F45 /* AutoSquadron */ = {
			isa = PBXGroup;
			children = (
				80CE3001214DA4F2009B3F45 /* Model */,
				80CE3002214DA503009B3F45 /* View */,
				80CE3003214DA509009B3F45 /* Controller */,
				80CE2FED214D9BD6009B3F45 /* AppDelegate.swift */,
				80CE2FF3214D9BD6009B3F45 /* Main.storyboard */,
				804E768321613922005B5133 /* GoogleService-Info.plist */,
				80CE2FF6214D9BDA009B3F45 /* Assets.xcassets */,
				80CE2FF8214D9BDA009B3F45 /* LaunchScreen.storyboard */,
				80CE2FFB214D9BDA009B3F45 /* Info.plist */,
			);
			path = AutoSquadron;
			sourceTree = "<group>";
		};
		80CE3001214DA4F2009B3F45 /* Model */ = {
			isa = PBXGroup;
			children = (
				804E768521613A8C005B5133 /* HomeOfferLayout.swift */,
				804E76DB21655561005B5133 /* WorkshopsLayout.swift */,
				80FF1654216D0D8A004F14C0 /* HomeServiceLayout.swift */,
				80CE1057218D4CB300683FF8 /* CartData.swift */,
				8094A952218DBB080020CFDE /* SelectVehicleModel.swift */,
				8033A5EB21DD3BAF00E66650 /* WorkshopModel.swift */,
				803F7CD021EA6B53006DD4F4 /* MyVehicle.swift */,
				803F7CD221EA97F8006DD4F4 /* MyAddress.swift */,
				800E3D49220B4FAD0025473E /* OTPVerfication.swift */,
			);
			path = Model;
			sourceTree = "<group>";
		};
		80CE3002214DA503009B3F45 /* View */ = {
			isa = PBXGroup;
			children = (
				80CE3004214DA658009B3F45 /* HomeView.swift */,
				80CE3006214DB500009B3F45 /* HomeCell.swift */,
				807F68B621542DF600321617 /* CustomImageFlowLayout.swift */,
				804E76AF216249F2005B5133 /* ServiceAnnotationView.swift */,
				804E76D721637E28005B5133 /* AccountCellVC.swift */,
				804E76D92164FF58005B5133 /* WorkShopCell.swift */,
				80FF1650216A740C004F14C0 /* WorkshopDetailCell.swift */,
				80FF1652216D078C004F14C0 /* HomeServiceCell.swift */,
				80FF1656216D3D56004F14C0 /* HomeBodyPaintingCell.swift */,
				80C894412185DC9800BF6C36 /* HomeWorkshpCell.swift */,
				80CE102F218CAADD00683FF8 /* CartCell.swift */,
				8094A94E218DAEF40020CFDE /* SelectVehicleCell.swift */,
			);
			path = View;
			sourceTree = "<group>";
		};
		80CE3003214DA509009B3F45 /* Controller */ = {
			isa = PBXGroup;
			children = (
				80CE2FEF214D9BD6009B3F45 /* HomeVC.swift */,
				804E7687216173CA005B5133 /* NearMeVC.swift */,
				804E7689216173F3005B5133 /* WorkShopsVC.swift */,
				804E76B12162E3AF005B5133 /* AccountVC.swift */,
				80FF15F2216954D9004F14C0 /* WorkshopDetailVC.swift */,
				80C8943F2185D32000BF6C36 /* HomeWorkshopsVC.swift */,
				8029DA12218C5019000BEE07 /* CartVC.swift */,
				8094A950218DAF240020CFDE /* SelectVehicleVC.swift */,
				80749856218E38FC00A03099 /* LoginVC.swift */,
				80D24E6921E3D119008B8293 /* UserServiceDetailVC.swift */,
				803F7CA021E499A7006DD4F4 /* CheckOutVC.swift */,
				806187F42208A95500646962 /* EmailSignInVC.swift */,
				806187F62208A97500646962 /* EmailSignUpVC.swift */,
				806187F82208C0EE00646962 /* TabVC.swift */,
				800E3D47220B11100025473E /* PhoneVC.swift */,
			);
			path = Controller;
			sourceTree = "<group>";
		};
		BC173DE29E629DDB83066D90 /* Pods */ = {
			isa = PBXGroup;
			children = (
				6BE15979805EC6397FF1F898 /* Pods-AutoSquadron.debug.xcconfig */,
				7D01ADF625B5DB22E5C727D3 /* Pods-AutoSquadron.release.xcconfig */,
			);
			name = Pods;
			sourceTree = "<group>";
		};
/* End PBXGroup section */

/* Begin PBXNativeTarget section */
		80CE2FE9214D9BD5009B3F45 /* AutoSquadron */ = {
			isa = PBXNativeTarget;
			buildConfigurationList = 80CE2FFE214D9BDA009B3F45 /* Build configuration list for PBXNativeTarget "AutoSquadron" */;
			buildPhases = (
				8DA4BA3A3E455B7CAD139A5F /* [CP] Check Pods Manifest.lock */,
				80CE2FE6214D9BD5009B3F45 /* Sources */,
				80CE2FE7214D9BD5009B3F45 /* Frameworks */,
				80CE2FE8214D9BD5009B3F45 /* Resources */,
				AE66C2D55FEFEA055F02287A /* [CP] Embed Pods Frameworks */,
				22C08BCC5DDEAA3993C23A85 /* [CP] Copy Pods Resources */,
			);
			buildRules = (
			);
			dependencies = (
			);
			name = AutoSquadron;
			productName = AutoSquadron;
			productReference = 80CE2FEA214D9BD5009B3F45 /* AutoSquadron.app */;
			productType = "com.apple.product-type.application";
		};
/* End PBXNativeTarget section */

/* Begin PBXProject section */
		80CE2FE2214D9BD5009B3F45 /* Project object */ = {
			isa = PBXProject;
			attributes = {
				LastSwiftUpdateCheck = 0940;
				LastUpgradeCheck = 0940;
				ORGANIZATIONNAME = "Vivek Rai";
				TargetAttributes = {
					80CE2FE9214D9BD5009B3F45 = {
						CreatedOnToolsVersion = 9.4.1;
						SystemCapabilities = {
							com.apple.Maps.iOS = {
								enabled = 1;
							};
						};
					};
				};
			};
			buildConfigurationList = 80CE2FE5214D9BD5009B3F45 /* Build configuration list for PBXProject "AutoSquadron" */;
			compatibilityVersion = "Xcode 9.3";
			developmentRegion = en;
			hasScannedForEncodings = 0;
			knownRegions = (
				en,
				Base,
			);
			mainGroup = 80CE2FE1214D9BD5009B3F45;
			productRefGroup = 80CE2FEB214D9BD5009B3F45 /* Products */;
			projectDirPath = "";
			projectRoot = "";
			targets = (
				80CE2FE9214D9BD5009B3F45 /* AutoSquadron */,
			);
		};
/* End PBXProject section */

/* Begin PBXResourcesBuildPhase section */
		80CE2FE8214D9BD5009B3F45 /* Resources */ = {
			isa = PBXResourcesBuildPhase;
			buildActionMask = 2147483647;
			files = (
				80CE2FFA214D9BDA009B3F45 /* LaunchScreen.storyboard in Resources */,
				80CE2FF7214D9BDA009B3F45 /* Assets.xcassets in Resources */,
				804E768421613923005B5133 /* GoogleService-Info.plist in Resources */,
				80CE2FF5214D9BD6009B3F45 /* Main.storyboard in Resources */,
			);
			runOnlyForDeploymentPostprocessing = 0;
		};
/* End PBXResourcesBuildPhase section */

/* Begin PBXShellScriptBuildPhase section */
		22C08BCC5DDEAA3993C23A85 /* [CP] Copy Pods Resources */ = {
			isa = PBXShellScriptBuildPhase;
			buildActionMask = 2147483647;
			files = (
			);
			inputPaths = (
				"${SRCROOT}/Pods/Target Support Files/Pods-AutoSquadron/Pods-AutoSquadron-resources.sh",
				"${PODS_CONFIGURATION_BUILD_DIR}/FirebaseUI/FirebaseAuthUI.bundle",
				"${PODS_CONFIGURATION_BUILD_DIR}/FirebaseUI/FirebasePhoneAuthUI.bundle",
				"${PODS_ROOT}/GoogleSignIn/Resources/GoogleSignIn.bundle",
				"${PODS_ROOT}/TwitterKit/iOS/TwitterKit.framework/TwitterKitResources.bundle",
			);
			name = "[CP] Copy Pods Resources";
			outputPaths = (
				"${TARGET_BUILD_DIR}/${UNLOCALIZED_RESOURCES_FOLDER_PATH}/FirebaseAuthUI.bundle",
				"${TARGET_BUILD_DIR}/${UNLOCALIZED_RESOURCES_FOLDER_PATH}/FirebasePhoneAuthUI.bundle",
				"${TARGET_BUILD_DIR}/${UNLOCALIZED_RESOURCES_FOLDER_PATH}/GoogleSignIn.bundle",
				"${TARGET_BUILD_DIR}/${UNLOCALIZED_RESOURCES_FOLDER_PATH}/TwitterKitResources.bundle",
			);
			runOnlyForDeploymentPostprocessing = 0;
			shellPath = /bin/sh;
			shellScript = "\"${SRCROOT}/Pods/Target Support Files/Pods-AutoSquadron/Pods-AutoSquadron-resources.sh\"\n";
			showEnvVarsInLog = 0;
		};
		8DA4BA3A3E455B7CAD139A5F /* [CP] Check Pods Manifest.lock */ = {
			isa = PBXShellScriptBuildPhase;
			buildActionMask = 2147483647;
			files = (
			);
			inputPaths = (
				"${PODS_PODFILE_DIR_PATH}/Podfile.lock",
				"${PODS_ROOT}/Manifest.lock",
			);
			name = "[CP] Check Pods Manifest.lock";
			outputPaths = (
				"$(DERIVED_FILE_DIR)/Pods-AutoSquadron-checkManifestLockResult.txt",
			);
			runOnlyForDeploymentPostprocessing = 0;
			shellPath = /bin/sh;
			shellScript = "diff \"${PODS_PODFILE_DIR_PATH}/Podfile.lock\" \"${PODS_ROOT}/Manifest.lock\" > /dev/null\nif [ $? != 0 ] ; then\n    # print error to STDERR\n    echo \"error: The sandbox is not in sync with the Podfile.lock. Run 'pod install' or update your CocoaPods installation.\" >&2\n    exit 1\nfi\n# This output is used by Xcode 'outputs' to avoid re-running this script phase.\necho \"SUCCESS\" > \"${SCRIPT_OUTPUT_FILE_0}\"\n";
			showEnvVarsInLog = 0;
		};
		AE66C2D55FEFEA055F02287A /* [CP] Embed Pods Frameworks */ = {
			isa = PBXShellScriptBuildPhase;
			buildActionMask = 2147483647;
			files = (
			);
			inputPaths = (
				"${SRCROOT}/Pods/Target Support Files/Pods-AutoSquadron/Pods-AutoSquadron-frameworks.sh",
				"${BUILT_PRODUCTS_DIR}/Bolts/Bolts.framework",
				"${BUILT_PRODUCTS_DIR}/EnhancedCircleImageView/EnhancedCircleImageView.framework",
				"${BUILT_PRODUCTS_DIR}/FBSDKCoreKit/FBSDKCoreKit.framework",
				"${BUILT_PRODUCTS_DIR}/FBSDKLoginKit/FBSDKLoginKit.framework",
				"${BUILT_PRODUCTS_DIR}/FacebookCore/FacebookCore.framework",
				"${BUILT_PRODUCTS_DIR}/FacebookLogin/FacebookLogin.framework",
				"${BUILT_PRODUCTS_DIR}/GTMSessionFetcher/GTMSessionFetcher.framework",
				"${BUILT_PRODUCTS_DIR}/GoogleToolboxForMac/GoogleToolboxForMac.framework",
				"${BUILT_PRODUCTS_DIR}/GoogleUtilities/GoogleUtilities.framework",
				"${BUILT_PRODUCTS_DIR}/ImageSlideshow/ImageSlideshow.framework",
				"${BUILT_PRODUCTS_DIR}/Kingfisher/Kingfisher.framework",
				"${BUILT_PRODUCTS_DIR}/Realm/Realm.framework",
				"${BUILT_PRODUCTS_DIR}/RealmSwift/RealmSwift.framework",
				"${BUILT_PRODUCTS_DIR}/SDWebImage/SDWebImage.framework",
				"${BUILT_PRODUCTS_DIR}/SVProgressHUD/SVProgressHUD.framework",
				"${BUILT_PRODUCTS_DIR}/SwipeCellKit/SwipeCellKit.framework",
				"${PODS_ROOT}/TwitterCore/iOS/TwitterCore.framework",
				"${PODS_ROOT}/TwitterKit/iOS/TwitterKit.framework",
				"${BUILT_PRODUCTS_DIR}/leveldb-library/leveldb.framework",
				"${BUILT_PRODUCTS_DIR}/libwebp/libwebp.framework",
				"${BUILT_PRODUCTS_DIR}/nanopb/nanopb.framework",
			);
			name = "[CP] Embed Pods Frameworks";
			outputPaths = (
				"${TARGET_BUILD_DIR}/${FRAMEWORKS_FOLDER_PATH}/Bolts.framework",
				"${TARGET_BUILD_DIR}/${FRAMEWORKS_FOLDER_PATH}/EnhancedCircleImageView.framework",
				"${TARGET_BUILD_DIR}/${FRAMEWORKS_FOLDER_PATH}/FBSDKCoreKit.framework",
				"${TARGET_BUILD_DIR}/${FRAMEWORKS_FOLDER_PATH}/FBSDKLoginKit.framework",
				"${TARGET_BUILD_DIR}/${FRAMEWORKS_FOLDER_PATH}/FacebookCore.framework",
				"${TARGET_BUILD_DIR}/${FRAMEWORKS_FOLDER_PATH}/FacebookLogin.framework",
				"${TARGET_BUILD_DIR}/${FRAMEWORKS_FOLDER_PATH}/GTMSessionFetcher.framework",
				"${TARGET_BUILD_DIR}/${FRAMEWORKS_FOLDER_PATH}/GoogleToolboxForMac.framework",
				"${TARGET_BUILD_DIR}/${FRAMEWORKS_FOLDER_PATH}/GoogleUtilities.framework",
				"${TARGET_BUILD_DIR}/${FRAMEWORKS_FOLDER_PATH}/ImageSlideshow.framework",
				"${TARGET_BUILD_DIR}/${FRAMEWORKS_FOLDER_PATH}/Kingfisher.framework",
				"${TARGET_BUILD_DIR}/${FRAMEWORKS_FOLDER_PATH}/Realm.framework",
				"${TARGET_BUILD_DIR}/${FRAMEWORKS_FOLDER_PATH}/RealmSwift.framework",
				"${TARGET_BUILD_DIR}/${FRAMEWORKS_FOLDER_PATH}/SDWebImage.framework",
				"${TARGET_BUILD_DIR}/${FRAMEWORKS_FOLDER_PATH}/SVProgressHUD.framework",
				"${TARGET_BUILD_DIR}/${FRAMEWORKS_FOLDER_PATH}/SwipeCellKit.framework",
				"${TARGET_BUILD_DIR}/${FRAMEWORKS_FOLDER_PATH}/TwitterCore.framework",
				"${TARGET_BUILD_DIR}/${FRAMEWORKS_FOLDER_PATH}/TwitterKit.framework",
				"${TARGET_BUILD_DIR}/${FRAMEWORKS_FOLDER_PATH}/leveldb.framework",
				"${TARGET_BUILD_DIR}/${FRAMEWORKS_FOLDER_PATH}/libwebp.framework",
				"${TARGET_BUILD_DIR}/${FRAMEWORKS_FOLDER_PATH}/nanopb.framework",
			);
			runOnlyForDeploymentPostprocessing = 0;
			shellPath = /bin/sh;
			shellScript = "\"${SRCROOT}/Pods/Target Support Files/Pods-AutoSquadron/Pods-AutoSquadron-frameworks.sh\"\n";
			showEnvVarsInLog = 0;
		};
/* End PBXShellScriptBuildPhase section */

/* Begin PBXSourcesBuildPhase section */
		80CE2FE6214D9BD5009B3F45 /* Sources */ = {
			isa = PBXSourcesBuildPhase;
			buildActionMask = 2147483647;
			files = (
				803F7CA121E499A7006DD4F4 /* CheckOutVC.swift in Sources */,
				804E76B22162E3AF005B5133 /* AccountVC.swift in Sources */,
				803F7CD121EA6B53006DD4F4 /* MyVehicle.swift in Sources */,
				80C894402185D32000BF6C36 /* HomeWorkshopsVC.swift in Sources */,
				80749857218E38FC00A03099 /* LoginVC.swift in Sources */,
				807F68B721542DF600321617 /* CustomImageFlowLayout.swift in Sources */,
				8094A951218DAF240020CFDE /* SelectVehicleVC.swift in Sources */,
				804E768621613A8C005B5133 /* HomeOfferLayout.swift in Sources */,
				80FF1653216D078C004F14C0 /* HomeServiceCell.swift in Sources */,
				806187F52208A95500646962 /* EmailSignInVC.swift in Sources */,
				80CE1058218D4CB300683FF8 /* CartData.swift in Sources */,
				8033A5EC21DD3BAF00E66650 /* WorkshopModel.swift in Sources */,
				80FF1655216D0D8A004F14C0 /* HomeServiceLayout.swift in Sources */,
				8094A953218DBB080020CFDE /* SelectVehicleModel.swift in Sources */,
				80FF1651216A740C004F14C0 /* WorkshopDetailCell.swift in Sources */,
				800E3D48220B11100025473E /* PhoneVC.swift in Sources */,
				80C894422185DC9800BF6C36 /* HomeWorkshpCell.swift in Sources */,
				804E7688216173CA005B5133 /* NearMeVC.swift in Sources */,
				80CE3005214DA658009B3F45 /* HomeView.swift in Sources */,
				80FF1657216D3D56004F14C0 /* HomeBodyPaintingCell.swift in Sources */,
				806187F72208A97500646962 /* EmailSignUpVC.swift in Sources */,
				80D24E6A21E3D119008B8293 /* UserServiceDetailVC.swift in Sources */,
				804E76DC21655561005B5133 /* WorkshopsLayout.swift in Sources */,
				80CE1030218CAADD00683FF8 /* CartCell.swift in Sources */,
				8029DA13218C5019000BEE07 /* CartVC.swift in Sources */,
				803F7CD321EA97F8006DD4F4 /* MyAddress.swift in Sources */,
				80CE2FEE214D9BD6009B3F45 /* AppDelegate.swift in Sources */,
				80CE2FF0214D9BD6009B3F45 /* HomeVC.swift in Sources */,
				80FF15F3216954D9004F14C0 /* WorkshopDetailVC.swift in Sources */,
				8094A94F218DAEF40020CFDE /* SelectVehicleCell.swift in Sources */,
				804E76D821637E28005B5133 /* AccountCellVC.swift in Sources */,
				806187F92208C0EF00646962 /* TabVC.swift in Sources */,
				800E3D4A220B4FAD0025473E /* OTPVerfication.swift in Sources */,
				804E76B0216249F2005B5133 /* ServiceAnnotationView.swift in Sources */,
				80CE3007214DB500009B3F45 /* HomeCell.swift in Sources */,
				804E76DA2164FF58005B5133 /* WorkShopCell.swift in Sources */,
				804E768A216173F3005B5133 /* WorkShopsVC.swift in Sources */,
			);
			runOnlyForDeploymentPostprocessing = 0;
		};
/* End PBXSourcesBuildPhase section */

/* Begin PBXVariantGroup section */
		80CE2FF3214D9BD6009B3F45 /* Main.storyboard */ = {
			isa = PBXVariantGroup;
			children = (
				80CE2FF4214D9BD6009B3F45 /* Base */,
			);
			name = Main.storyboard;
			sourceTree = "<group>";
		};
		80CE2FF8214D9BDA009B3F45 /* LaunchScreen.storyboard */ = {
			isa = PBXVariantGroup;
			children = (
				80CE2FF9214D9BDA009B3F45 /* Base */,
			);
			name = LaunchScreen.storyboard;
			sourceTree = "<group>";
		};
/* End PBXVariantGroup section */

/* Begin XCBuildConfiguration section */
		80CE2FFC214D9BDA009B3F45 /* Debug */ = {
			isa = XCBuildConfiguration;
			buildSettings = {
				ALWAYS_SEARCH_USER_PATHS = NO;
				CLANG_ANALYZER_NONNULL = YES;
				CLANG_ANALYZER_NUMBER_OBJECT_CONVERSION = YES_AGGRESSIVE;
				CLANG_CXX_LANGUAGE_STANDARD = "gnu++14";
				CLANG_CXX_LIBRARY = "libc++";
				CLANG_ENABLE_MODULES = YES;
				CLANG_ENABLE_OBJC_ARC = YES;
				CLANG_ENABLE_OBJC_WEAK = YES;
				CLANG_WARN_BLOCK_CAPTURE_AUTORELEASING = YES;
				CLANG_WARN_BOOL_CONVERSION = YES;
				CLANG_WARN_COMMA = YES;
				CLANG_WARN_CONSTANT_CONVERSION = YES;
				CLANG_WARN_DEPRECATED_OBJC_IMPLEMENTATIONS = YES;
				CLANG_WARN_DIRECT_OBJC_ISA_USAGE = YES_ERROR;
				CLANG_WARN_DOCUMENTATION_COMMENTS = YES;
				CLANG_WARN_EMPTY_BODY = YES;
				CLANG_WARN_ENUM_CONVERSION = YES;
				CLANG_WARN_INFINITE_RECURSION = YES;
				CLANG_WARN_INT_CONVERSION = YES;
				CLANG_WARN_NON_LITERAL_NULL_CONVERSION = YES;
				CLANG_WARN_OBJC_IMPLICIT_RETAIN_SELF = YES;
				CLANG_WARN_OBJC_LITERAL_CONVERSION = YES;
				CLANG_WARN_OBJC_ROOT_CLASS = YES_ERROR;
				CLANG_WARN_RANGE_LOOP_ANALYSIS = YES;
				CLANG_WARN_STRICT_PROTOTYPES = YES;
				CLANG_WARN_SUSPICIOUS_MOVE = YES;
				CLANG_WARN_UNGUARDED_AVAILABILITY = YES_AGGRESSIVE;
				CLANG_WARN_UNREACHABLE_CODE = YES;
				CLANG_WARN__DUPLICATE_METHOD_MATCH = YES;
				CODE_SIGN_IDENTITY = "iPhone Developer";
				COPY_PHASE_STRIP = NO;
				DEBUG_INFORMATION_FORMAT = dwarf;
				ENABLE_STRICT_OBJC_MSGSEND = YES;
				ENABLE_TESTABILITY = YES;
				GCC_C_LANGUAGE_STANDARD = gnu11;
				GCC_DYNAMIC_NO_PIC = NO;
				GCC_NO_COMMON_BLOCKS = YES;
				GCC_OPTIMIZATION_LEVEL = 0;
				GCC_PREPROCESSOR_DEFINITIONS = (
					"DEBUG=1",
					"$(inherited)",
				);
				GCC_WARN_64_TO_32_BIT_CONVERSION = YES;
				GCC_WARN_ABOUT_RETURN_TYPE = YES_ERROR;
				GCC_WARN_UNDECLARED_SELECTOR = YES;
				GCC_WARN_UNINITIALIZED_AUTOS = YES_AGGRESSIVE;
				GCC_WARN_UNUSED_FUNCTION = YES;
				GCC_WARN_UNUSED_VARIABLE = YES;
				IPHONEOS_DEPLOYMENT_TARGET = 11.4;
				MTL_ENABLE_DEBUG_INFO = YES;
				ONLY_ACTIVE_ARCH = YES;
				SDKROOT = iphoneos;
				SWIFT_ACTIVE_COMPILATION_CONDITIONS = DEBUG;
				SWIFT_OPTIMIZATION_LEVEL = "-Onone";
			};
			name = Debug;
		};
		80CE2FFD214D9BDA009B3F45 /* Release */ = {
			isa = XCBuildConfiguration;
			buildSettings = {
				ALWAYS_SEARCH_USER_PATHS = NO;
				CLANG_ANALYZER_NONNULL = YES;
				CLANG_ANALYZER_NUMBER_OBJECT_CONVERSION = YES_AGGRESSIVE;
				CLANG_CXX_LANGUAGE_STANDARD = "gnu++14";
				CLANG_CXX_LIBRARY = "libc++";
				CLANG_ENABLE_MODULES = YES;
				CLANG_ENABLE_OBJC_ARC = YES;
				CLANG_ENABLE_OBJC_WEAK = YES;
				CLANG_WARN_BLOCK_CAPTURE_AUTORELEASING = YES;
				CLANG_WARN_BOOL_CONVERSION = YES;
				CLANG_WARN_COMMA = YES;
				CLANG_WARN_CONSTANT_CONVERSION = YES;
				CLANG_WARN_DEPRECATED_OBJC_IMPLEMENTATIONS = YES;
				CLANG_WARN_DIRECT_OBJC_ISA_USAGE = YES_ERROR;
				CLANG_WARN_DOCUMENTATION_COMMENTS = YES;
				CLANG_WARN_EMPTY_BODY = YES;
				CLANG_WARN_ENUM_CONVERSION = YES;
				CLANG_WARN_INFINITE_RECURSION = YES;
				CLANG_WARN_INT_CONVERSION = YES;
				CLANG_WARN_NON_LITERAL_NULL_CONVERSION = YES;
				CLANG_WARN_OBJC_IMPLICIT_RETAIN_SELF = YES;
				CLANG_WARN_OBJC_LITERAL_CONVERSION = YES;
				CLANG_WARN_OBJC_ROOT_CLASS = YES_ERROR;
				CLANG_WARN_RANGE_LOOP_ANALYSIS = YES;
				CLANG_WARN_STRICT_PROTOTYPES = YES;
				CLANG_WARN_SUSPICIOUS_MOVE = YES;
				CLANG_WARN_UNGUARDED_AVAILABILITY = YES_AGGRESSIVE;
				CLANG_WARN_UNREACHABLE_CODE = YES;
				CLANG_WARN__DUPLICATE_METHOD_MATCH = YES;
				CODE_SIGN_IDENTITY = "iPhone Developer";
				COPY_PHASE_STRIP = NO;
				DEBUG_INFORMATION_FORMAT = "dwarf-with-dsym";
				ENABLE_NS_ASSERTIONS = NO;
				ENABLE_STRICT_OBJC_MSGSEND = YES;
				GCC_C_LANGUAGE_STANDARD = gnu11;
				GCC_NO_COMMON_BLOCKS = YES;
				GCC_WARN_64_TO_32_BIT_CONVERSION = YES;
				GCC_WARN_ABOUT_RETURN_TYPE = YES_ERROR;
				GCC_WARN_UNDECLARED_SELECTOR = YES;
				GCC_WARN_UNINITIALIZED_AUTOS = YES_AGGRESSIVE;
				GCC_WARN_UNUSED_FUNCTION = YES;
				GCC_WARN_UNUSED_VARIABLE = YES;
				IPHONEOS_DEPLOYMENT_TARGET = 11.4;
				MTL_ENABLE_DEBUG_INFO = NO;
				SDKROOT = iphoneos;
				SWIFT_COMPILATION_MODE = wholemodule;
				SWIFT_OPTIMIZATION_LEVEL = "-O";
				VALIDATE_PRODUCT = YES;
			};
			name = Release;
		};
		80CE2FFF214D9BDA009B3F45 /* Debug */ = {
			isa = XCBuildConfiguration;
			baseConfigurationReference = 6BE15979805EC6397FF1F898 /* Pods-AutoSquadron.debug.xcconfig */;
			buildSettings = {
				ASSETCATALOG_COMPILER_APPICON_NAME = AppIcon;
				CODE_SIGN_STYLE = Automatic;
				DEVELOPMENT_TEAM = X9VVW4ZPQS;
				INFOPLIST_FILE = AutoSquadron/Info.plist;
				LD_RUNPATH_SEARCH_PATHS = (
					"$(inherited)",
					"@executable_path/Frameworks",
				);
				PRODUCT_BUNDLE_IDENTIFIER = com.vivekraiautosquadron.vivekrai.AutoSquadron;
				PRODUCT_NAME = "$(TARGET_NAME)";
				SWIFT_VERSION = 4.0;
				TARGETED_DEVICE_FAMILY = "1,2";
			};
			name = Debug;
		};
		80CE3000214D9BDA009B3F45 /* Release */ = {
			isa = XCBuildConfiguration;
			baseConfigurationReference = 7D01ADF625B5DB22E5C727D3 /* Pods-AutoSquadron.release.xcconfig */;
			buildSettings = {
				ASSETCATALOG_COMPILER_APPICON_NAME = AppIcon;
				CODE_SIGN_STYLE = Automatic;
				DEVELOPMENT_TEAM = X9VVW4ZPQS;
				INFOPLIST_FILE = AutoSquadron/Info.plist;
				LD_RUNPATH_SEARCH_PATHS = (
					"$(inherited)",
					"@executable_path/Frameworks",
				);
				PRODUCT_BUNDLE_IDENTIFIER = com.vivekraiautosquadron.vivekrai.AutoSquadron;
				PRODUCT_NAME = "$(TARGET_NAME)";
				SWIFT_VERSION = 4.0;
				TARGETED_DEVICE_FAMILY = "1,2";
			};
			name = Release;
		};
/* End XCBuildConfiguration section */

/* Begin XCConfigurationList section */
		80CE2FE5214D9BD5009B3F45 /* Build configuration list for PBXProject "AutoSquadron" */ = {
			isa = XCConfigurationList;
			buildConfigurations = (
				80CE2FFC214D9BDA009B3F45 /* Debug */,
				80CE2FFD214D9BDA009B3F45 /* Release */,
			);
			defaultConfigurationIsVisible = 0;
			defaultConfigurationName = Release;
		};
		80CE2FFE214D9BDA009B3F45 /* Build configuration list for PBXNativeTarget "AutoSquadron" */ = {
			isa = XCConfigurationList;
			buildConfigurations = (
				80CE2FFF214D9BDA009B3F45 /* Debug */,
				80CE3000214D9BDA009B3F45 /* Release */,
			);
			defaultConfigurationIsVisible = 0;
			defaultConfigurationName = Release;
		};
/* End XCConfigurationList section */
	};
	rootObject = 80CE2FE2214D9BD5009B3F45 /* Project object */;
}
